Microsoft Visual Studio Solution File, Format Version 10.00
# Visual C# Express 2008
Project("{FAE04EC0-301F-11D3-BF4B-00C04F79EFBC}") = "RegistryMonitorDemo", "RegistryMonitorDemo.csproj", "{AEE3982F-56E2-4B72-A9A8-E0CA64D1ABFC}"
EndProject
Project("{FAE04EC0-301F-11D3-BF4B-00C04F79EFBC}") = "RegistryUtils", "..\RegistryMonitor\RegistryUtils.csproj", "{EA74FE0C-2CE0-41E8-9A36-0773F9313660}"
EndProject
Global
	GlobalSection(SolutionConfigurationPlatforms) = preSolution
		Debug|Any CPU = Debug|Any CPU
		Release|Any CPU = Release|Any CPU
	EndGlobalSection
	GlobalSection(ProjectConfigurationPlatforms) = postSolution
		{AEE3982F-56E2-4B72-A9A8-E0CA64D1ABFC}.Debug|Any CPU.ActiveCfg = Debug|Any CPU
		{AEE3982F-56E2-4B72-A9A8-E0CA64D1ABFC}.Debug|Any CPU.Build.0 = Debug|Any CPU
		{AEE3982F-56E2-4B72-A9A8-E0CA64D1ABFC}.Release|Any CPU.ActiveCfg = Release|Any CPU
		{AEE3982F-56E2-4B72-A9A8-E0CA64D1ABFC}.Release|Any CPU.Build.0 = Release|Any CPU
		{EA74FE0C-2CE0-41E8-9A36-0773F9313660}.Debug|Any CPU.ActiveCfg = Debug|Any CPU
		{EA74FE0C-2CE0-41E8-9A36-0773F9313660}.Debug|Any CPU.Build.0 = Debug|Any CPU
		{EA74FE0C-2CE0-41E8-9A36-0773F9313660}.Release|Any CPU.ActiveCfg = Release|Any CPU
		{EA74FE0C-2CE0-41E8-9A36-0773F9313660}.Release|Any CPU.Build.0 = Release|Any CPU
	EndGlobalSection
	GlobalSection(SolutionProperties) = preSolution
		HideSolutionNode = FALSE
	EndGlobalSection
EndGlobal
